
Microsoft Visual Studio Solution File, Format Version 12.00
# Visual Studio Version 17
VisualStudioVersion = 17.6.33829.357
MinimumVisualStudioVersion = 10.0.40219.1
Project("{FAE04EC0-301F-11D3-BF4B-00C04F79EFBC}") = "WebApplication1", "WebApplication1\WebApplication1.csproj", "{AA8CF39B-ADBA-4938-95EC-9B8F1588F547}"
EndProject
Global
	GlobalSection(SolutionConfigurationPlatforms) = preSolution
		Debug|Any CPU = Debug|Any CPU
		Release|Any CPU = Release|Any CPU
	EndGlobalSection
	GlobalSection(ProjectConfigurationPlatforms) = postSolution
		{AA8CF39B-ADBA-4938-95EC-9B8F1588F547}.Debug|Any CPU.ActiveCfg = Debug|Any CPU
		{AA8CF39B-ADBA-4938-95EC-9B8F1588F547}.Debug|Any CPU.Build.0 = Debug|Any CPU
		{AA8CF39B-ADBA-4938-95EC-9B8F1588F547}.Release|Any CPU.ActiveCfg = Release|Any CPU
		{AA8CF39B-ADBA-4938-95EC-9B8F1588F547}.Release|Any CPU.Build.0 = Release|Any CPU
	EndGlobalSection
	GlobalSection(SolutionProperties) = preSolution
		HideSolutionNode = FALSE
	EndGlobalSection
	GlobalSection(ExtensibilityGlobals) = postSolution
		SolutionGuid = {A28C486D-F20B-40E3-B286-24F6042A4AAE}
	EndGlobalSection
EndGlobal
